
Microsoft Visual Studio Solution File, Format Version 12.00
# Visual Studio Version 17
VisualStudioVersion = 17.11.35327.3
MinimumVisualStudioVersion = 10.0.40219.1
Project("{9A19103F-16F7-4668-BE54-9A1E7A4F7556}") = "DeviceManagement", "DeviceManagement\DeviceManagement.csproj", "{71E8716B-099C-49D8-87F6-2B285143A407}"
EndProject
Global
	GlobalSection(SolutionConfigurationPlatforms) = preSolution
		Debug|Any CPU = Debug|Any CPU
		Release|Any CPU = Release|Any CPU
	EndGlobalSection
	GlobalSection(ProjectConfigurationPlatforms) = postSolution
		{71E8716B-099C-49D8-87F6-2B285143A407}.Debug|Any CPU.ActiveCfg = Debug|Any CPU
		{71E8716B-099C-49D8-87F6-2B285143A407}.Debug|Any CPU.Build.0 = Debug|Any CPU
		{71E8716B-099C-49D8-87F6-2B285143A407}.Release|Any CPU.ActiveCfg = Release|Any CPU
		{71E8716B-099C-49D8-87F6-2B285143A407}.Release|Any CPU.Build.0 = Release|Any CPU
	EndGlobalSection
	GlobalSection(SolutionProperties) = preSolution
		HideSolutionNode = FALSE
	EndGlobalSection
	GlobalSection(ExtensibilityGlobals) = postSolution
		SolutionGuid = {8491A7B3-73EB-4762-B336-B2CC3A2C0787}
	EndGlobalSection
EndGlobal
